
Microsoft Visual Studio Solution File, Format Version 12.00
# Visual Studio Version 17
VisualStudioVersion = 17.4.33205.214
MinimumVisualStudioVersion = 10.0.40219.1
Project("{8BC9CEB8-8B4A-11D0-8D11-00A0C91BC942}") = "Project 2 (Binary Tree)", "Project 2 (Binary Tree)\Project 2 (Binary Tree).vcxproj", "{468CFB7F-BAFF-4F0C-9B32-9CE9729C9F8D}"
EndProject
Global
	GlobalSection(SolutionConfigurationPlatforms) = preSolution
		Debug|x64 = Debug|x64
		Debug|x86 = Debug|x86
		Release|x64 = Release|x64
		Release|x86 = Release|x86
	EndGlobalSection
	GlobalSection(ProjectConfigurationPlatforms) = postSolution
		{468CFB7F-BAFF-4F0C-9B32-9CE9729C9F8D}.Debug|x64.ActiveCfg = Debug|x64
		{468CFB7F-BAFF-4F0C-9B32-9CE9729C9F8D}.Debug|x64.Build.0 = Debug|x64
		{468CFB7F-BAFF-4F0C-9B32-9CE9729C9F8D}.Debug|x86.ActiveCfg = Debug|Win32
		{468CFB7F-BAFF-4F0C-9B32-9CE9729C9F8D}.Debug|x86.Build.0 = Debug|Win32
		{468CFB7F-BAFF-4F0C-9B32-9CE9729C9F8D}.Release|x64.ActiveCfg = Release|x64
		{468CFB7F-BAFF-4F0C-9B32-9CE9729C9F8D}.Release|x64.Build.0 = Release|x64
		{468CFB7F-BAFF-4F0C-9B32-9CE9729C9F8D}.Release|x86.ActiveCfg = Release|Win32
		{468CFB7F-BAFF-4F0C-9B32-9CE9729C9F8D}.Release|x86.Build.0 = Release|Win32
	EndGlobalSection
	GlobalSection(SolutionProperties) = preSolution
		HideSolutionNode = FALSE
	EndGlobalSection
	GlobalSection(ExtensibilityGlobals) = postSolution
		SolutionGuid = {64F1D1FD-E7E3-44A1-BC1C-085CC5EE393C}
	EndGlobalSection
EndGlobal
